
Microsoft Visual Studio Solution File, Format Version 12.00
# Visual Studio Version 17
VisualStudioVersion = 17.10.35013.160
MinimumVisualStudioVersion = 10.0.40219.1
Project("{2150E333-8FDC-42A3-9474-1A3956D46DE8}") = "Engine", "Engine", "{C4249138-3500-4726-94FF-73678D4FABF7}"
EndProject
Project("{2150E333-8FDC-42A3-9474-1A3956D46DE8}") = "Framework", "Framework", "{6C05EF7B-AF5D-4FA3-9442-510201FECC0E}"
EndProject
Project("{8BC9CEB8-8B4A-11D0-8D11-00A0C91BC942}") = "Core", "Framework\Core\Core.vcxproj", "{7A442769-C6A3-413A-8EA8-70D7E66136E3}"
EndProject
Project("{8BC9CEB8-8B4A-11D0-8D11-00A0C91BC942}") = "PanicEngine", "Engine\PanicEngine\PanicEngine.vcxproj", "{61F155DA-7452-41D3-8A67-1806B226DF7A}"
EndProject
Project("{8BC9CEB8-8B4A-11D0-8D11-00A0C91BC942}") = "Graphics", "Framework\Graphics\Graphics.vcxproj", "{3FADB740-618E-4B16-ADCE-4832A8F7EF6B}"
EndProject
Project("{2150E333-8FDC-42A3-9474-1A3956D46DE8}") = "External", "External", "{D68C5266-C8D3-4C9A-8F94-124E86E0A528}"
EndProject
Project("{8BC9CEB8-8B4A-11D0-8D11-00A0C91BC942}") = "DirectXTK_Desktop_2019", "External\DirectXTK\DirectXTK_Desktop_2019.vcxproj", "{E0B52AE7-E160-4D32-BF3F-910B785E5A8E}"
EndProject
Project("{8BC9CEB8-8B4A-11D0-8D11-00A0C91BC942}") = "Math", "Framework\Math\Math.vcxproj", "{5F4F29CA-8725-4AD4-987A-9E7297084812}"
EndProject
Project("{8BC9CEB8-8B4A-11D0-8D11-00A0C91BC942}") = "Input", "Framework\Input\Input.vcxproj", "{3629F01A-6FED-42EB-B308-E9F7F1346EAF}"
EndProject
Project("{2150E333-8FDC-42A3-9474-1A3956D46DE8}") = "Assets", "Assets", "{CCC06DA9-9802-4D99-95C8-DE087EB0727D}"
EndProject
Project("{2150E333-8FDC-42A3-9474-1A3956D46DE8}") = "Shaders", "Shaders", "{BE135558-2CFA-47C4-848C-CF7C2A2C8267}"
	ProjectSection(SolutionItems) = preProject
		Assets\Shaders\CellShading.fx = Assets\Shaders\CellShading.fx
		Assets\Shaders\DoColor.fx = Assets\Shaders\DoColor.fx
		Assets\Shaders\DoTexture.fx = Assets\Shaders\DoTexture.fx
		Assets\Shaders\DoTransform.fx = Assets\Shaders\DoTransform.fx
		Assets\Shaders\GaussianBlur.fx = Assets\Shaders\GaussianBlur.fx
		Assets\Shaders\PostProcessing.fx = Assets\Shaders\PostProcessing.fx
		Assets\Shaders\Shadow.fx = Assets\Shaders\Shadow.fx
		Assets\Shaders\Standard.fx = Assets\Shaders\Standard.fx
		Assets\Shaders\Terrain.fx = Assets\Shaders\Terrain.fx
		Assets\Shaders\VHS.fx = Assets\Shaders\VHS.fx
	EndProjectSection
EndProject
Project("{8BC9CEB8-8B4A-11D0-8D11-00A0C91BC942}") = "ImGui", "External\ImGui\ImGui.vcxproj", "{52D656A2-A2F4-4C54-A3C7-653427BED1E8}"
EndProject
Project("{2150E333-8FDC-42A3-9474-1A3956D46DE8}") = "VGP330", "VGP330", "{C45C6C9C-E0EB-4B23-9692-FA4578FB094C}"
EndProject
Project("{8BC9CEB8-8B4A-11D0-8D11-00A0C91BC942}") = "10_HelloLighting", "VGP330\10_HelloLighting\10_HelloLighting.vcxproj", "{4ACE5F5D-4CE4-47AF-83FB-13D2DD5F2A8A}"
EndProject
Project("{8BC9CEB8-8B4A-11D0-8D11-00A0C91BC942}") = "11_HelloCellShading", "VGP330\11_HelloCellShading\11_HelloCellShading.vcxproj", "{D8DC3C6F-E4A7-4D00-8889-6325B99B7A05}"
EndProject
Project("{2150E333-8FDC-42A3-9474-1A3956D46DE8}") = "Tools", "Tools", "{7BF474B2-CFF8-4158-BEE5-9AB833EC341C}"
EndProject
Project("{8BC9CEB8-8B4A-11D0-8D11-00A0C91BC942}") = "ModelImporter", "Tools\ModelImporter\ModelImporter.vcxproj", "{0F1F5EC6-6014-4768-8685-942E567398EC}"
EndProject
Project("{8BC9CEB8-8B4A-11D0-8D11-00A0C91BC942}") = "12_HelloModel", "VGP330\12_HelloModel\12_HelloModel.vcxproj", "{25D8BD79-0DAE-4E0B-8A7F-CB7B5C98C6F6}"
EndProject
Project("{8BC9CEB8-8B4A-11D0-8D11-00A0C91BC942}") = "13_HelloPostProcessing", "VGP330\13_HelloPostProcessing\13_HelloPostProcessing.vcxproj", "{EA277E58-843A-482C-9F4C-835EE3164D13}"
EndProject
Project("{8BC9CEB8-8B4A-11D0-8D11-00A0C91BC942}") = "14_HelloGaussianBlur", "VGP330\14_HelloGaussianBlur\14_HelloGaussianBlur.vcxproj", "{EEE9872C-C115-4B9B-B4C9-8AA8EE748A3C}"
EndProject
Project("{8BC9CEB8-8B4A-11D0-8D11-00A0C91BC942}") = "15_HelloTerrainMap", "VGP330\15_HelloTerrainMap\15_HelloTerrainMap.vcxproj", "{A91CC0BC-98BF-4116-BB33-B6EF1A965ADC}"
EndProject
Project("{8BC9CEB8-8B4A-11D0-8D11-00A0C91BC942}") = "16_HelloShadow", "VGP330\16_HelloShadow\16_HelloShadow.vcxproj", "{3380B5EF-1974-408B-B459-B42B973F340B}"
EndProject
Project("{8BC9CEB8-8B4A-11D0-8D11-00A0C91BC942}") = "17_HelloBillboard", "VGP330\17_HelloBillboard\17_HelloBillboard.vcxproj", "{EA9E7411-E15D-460D-802C-132AB85AE915}"
EndProject
Project("{8BC9CEB8-8B4A-11D0-8D11-00A0C91BC942}") = "18_HelloVHSShader", "VGP330\18_HelloVHSShader\18_HelloVHSShader.vcxproj", "{C9F908FA-465E-4CBD-9E2F-687F2FE3E70D}"
EndProject
Project("{2150E333-8FDC-42A3-9474-1A3956D46DE8}") = "VGP334", "VGP334", "{844CAE98-59C6-4807-90DD-00F91BC8C54C}"
EndProject
Project("{8BC9CEB8-8B4A-11D0-8D11-00A0C91BC942}") = "19_HelloAnimation", "VGP334\19_HelloAnimation\19_HelloAnimation.vcxproj", "{CE108884-4BE3-45D1-925D-3AAC71FF5359}"
EndProject
Project("{8BC9CEB8-8B4A-11D0-8D11-00A0C91BC942}") = "20_HelloSkeleton", "VGP334\20_HelloSkeleton\20_HelloSkeleton.vcxproj", "{54CDFB63-D4C3-4B2B-98E6-E23E46701297}"
EndProject
Project("{8BC9CEB8-8B4A-11D0-8D11-00A0C91BC942}") = "21_HelloAnimation", "VGP334\21_HelloAnimation\21_HelloAnimation.vcxproj", "{8A96AF11-4BEE-481E-95BF-47E383146F31}"
EndProject
Global
	GlobalSection(SolutionConfigurationPlatforms) = preSolution
		Debug|x64 = Debug|x64
		Debug|x86 = Debug|x86
		Release|x64 = Release|x64
		Release|x86 = Release|x86
	EndGlobalSection
	GlobalSection(ProjectConfigurationPlatforms) = postSolution
		{7A442769-C6A3-413A-8EA8-70D7E66136E3}.Debug|x64.ActiveCfg = Debug|x64
		{7A442769-C6A3-413A-8EA8-70D7E66136E3}.Debug|x64.Build.0 = Debug|x64
		{7A442769-C6A3-413A-8EA8-70D7E66136E3}.Debug|x86.ActiveCfg = Debug|Win32
		{7A442769-C6A3-413A-8EA8-70D7E66136E3}.Debug|x86.Build.0 = Debug|Win32
		{7A442769-C6A3-413A-8EA8-70D7E66136E3}.Release|x64.ActiveCfg = Release|x64
		{7A442769-C6A3-413A-8EA8-70D7E66136E3}.Release|x64.Build.0 = Release|x64
		{7A442769-C6A3-413A-8EA8-70D7E66136E3}.Release|x86.ActiveCfg = Release|Win32
		{7A442769-C6A3-413A-8EA8-70D7E66136E3}.Release|x86.Build.0 = Release|Win32
		{61F155DA-7452-41D3-8A67-1806B226DF7A}.Debug|x64.ActiveCfg = Debug|x64
		{61F155DA-7452-41D3-8A67-1806B226DF7A}.Debug|x64.Build.0 = Debug|x64
		{61F155DA-7452-41D3-8A67-1806B226DF7A}.Debug|x86.ActiveCfg = Debug|Win32
		{61F155DA-7452-41D3-8A67-1806B226DF7A}.Debug|x86.Build.0 = Debug|Win32
		{61F155DA-7452-41D3-8A67-1806B226DF7A}.Release|x64.ActiveCfg = Release|x64
		{61F155DA-7452-41D3-8A67-1806B226DF7A}.Release|x64.Build.0 = Release|x64
		{61F155DA-7452-41D3-8A67-1806B226DF7A}.Release|x86.ActiveCfg = Release|Win32
		{61F155DA-7452-41D3-8A67-1806B226DF7A}.Release|x86.Build.0 = Release|Win32
		{3FADB740-618E-4B16-ADCE-4832A8F7EF6B}.Debug|x64.ActiveCfg = Debug|x64
		{3FADB740-618E-4B16-ADCE-4832A8F7EF6B}.Debug|x64.Build.0 = Debug|x64
		{3FADB740-618E-4B16-ADCE-4832A8F7EF6B}.Debug|x86.ActiveCfg = Debug|Win32
		{3FADB740-618E-4B16-ADCE-4832A8F7EF6B}.Debug|x86.Build.0 = Debug|Win32
		{3FADB740-618E-4B16-ADCE-4832A8F7EF6B}.Release|x64.ActiveCfg = Release|x64
		{3FADB740-618E-4B16-ADCE-4832A8F7EF6B}.Release|x64.Build.0 = Release|x64
		{3FADB740-618E-4B16-ADCE-4832A8F7EF6B}.Release|x86.ActiveCfg = Release|Win32
		{3FADB740-618E-4B16-ADCE-4832A8F7EF6B}.Release|x86.Build.0 = Release|Win32
		{E0B52AE7-E160-4D32-BF3F-910B785E5A8E}.Debug|x64.ActiveCfg = Debug|x64
		{E0B52AE7-E160-4D32-BF3F-910B785E5A8E}.Debug|x64.Build.0 = Debug|x64
		{E0B52AE7-E160-4D32-BF3F-910B785E5A8E}.Debug|x86.ActiveCfg = Debug|Win32
		{E0B52AE7-E160-4D32-BF3F-910B785E5A8E}.Debug|x86.Build.0 = Debug|Win32
		{E0B52AE7-E160-4D32-BF3F-910B785E5A8E}.Release|x64.ActiveCfg = Release|x64
		{E0B52AE7-E160-4D32-BF3F-910B785E5A8E}.Release|x64.Build.0 = Release|x64
		{E0B52AE7-E160-4D32-BF3F-910B785E5A8E}.Release|x86.ActiveCfg = Release|Win32
		{E0B52AE7-E160-4D32-BF3F-910B785E5A8E}.Release|x86.Build.0 = Release|Win32
		{5F4F29CA-8725-4AD4-987A-9E7297084812}.Debug|x64.ActiveCfg = Debug|x64
		{5F4F29CA-8725-4AD4-987A-9E7297084812}.Debug|x64.Build.0 = Debug|x64
		{5F4F29CA-8725-4AD4-987A-9E7297084812}.Debug|x86.ActiveCfg = Debug|Win32
		{5F4F29CA-8725-4AD4-987A-9E7297084812}.Debug|x86.Build.0 = Debug|Win32
		{5F4F29CA-8725-4AD4-987A-9E7297084812}.Release|x64.ActiveCfg = Release|x64
		{5F4F29CA-8725-4AD4-987A-9E7297084812}.Release|x64.Build.0 = Release|x64
		{5F4F29CA-8725-4AD4-987A-9E7297084812}.Release|x86.ActiveCfg = Release|Win32
		{5F4F29CA-8725-4AD4-987A-9E7297084812}.Release|x86.Build.0 = Release|Win32
		{3629F01A-6FED-42EB-B308-E9F7F1346EAF}.Debug|x64.ActiveCfg = Debug|x64
		{3629F01A-6FED-42EB-B308-E9F7F1346EAF}.Debug|x64.Build.0 = Debug|x64
		{3629F01A-6FED-42EB-B308-E9F7F1346EAF}.Debug|x86.ActiveCfg = Debug|Win32
		{3629F01A-6FED-42EB-B308-E9F7F1346EAF}.Debug|x86.Build.0 = Debug|Win32
		{3629F01A-6FED-42EB-B308-E9F7F1346EAF}.Release|x64.ActiveCfg = Release|x64
		{3629F01A-6FED-42EB-B308-E9F7F1346EAF}.Release|x64.Build.0 = Release|x64
		{3629F01A-6FED-42EB-B308-E9F7F1346EAF}.Release|x86.ActiveCfg = Release|Win32
		{3629F01A-6FED-42EB-B308-E9F7F1346EAF}.Release|x86.Build.0 = Release|Win32
		{52D656A2-A2F4-4C54-A3C7-653427BED1E8}.Debug|x64.ActiveCfg = Debug|x64
		{52D656A2-A2F4-4C54-A3C7-653427BED1E8}.Debug|x64.Build.0 = Debug|x64
		{52D656A2-A2F4-4C54-A3C7-653427BED1E8}.Debug|x86.ActiveCfg = Debug|Win32
		{52D656A2-A2F4-4C54-A3C7-653427BED1E8}.Debug|x86.Build.0 = Debug|Win32
		{52D656A2-A2F4-4C54-A3C7-653427BED1E8}.Release|x64.ActiveCfg = Release|x64
		{52D656A2-A2F4-4C54-A3C7-653427BED1E8}.Release|x64.Build.0 = Release|x64
		{52D656A2-A2F4-4C54-A3C7-653427BED1E8}.Release|x86.ActiveCfg = Release|Win32
		{52D656A2-A2F4-4C54-A3C7-653427BED1E8}.Release|x86.Build.0 = Release|Win32
		{4ACE5F5D-4CE4-47AF-83FB-13D2DD5F2A8A}.Debug|x64.ActiveCfg = Debug|x64
		{4ACE5F5D-4CE4-47AF-83FB-13D2DD5F2A8A}.Debug|x64.Build.0 = Debug|x64
		{4ACE5F5D-4CE4-47AF-83FB-13D2DD5F2A8A}.Debug|x86.ActiveCfg = Debug|Win32
		{4ACE5F5D-4CE4-47AF-83FB-13D2DD5F2A8A}.Debug|x86.Build.0 = Debug|Win32
		{4ACE5F5D-4CE4-47AF-83FB-13D2DD5F2A8A}.Release|x64.ActiveCfg = Release|x64
		{4ACE5F5D-4CE4-47AF-83FB-13D2DD5F2A8A}.Release|x64.Build.0 = Release|x64
		{4ACE5F5D-4CE4-47AF-83FB-13D2DD5F2A8A}.Release|x86.ActiveCfg = Release|Win32
		{4ACE5F5D-4CE4-47AF-83FB-13D2DD5F2A8A}.Release|x86.Build.0 = Release|Win32
		{D8DC3C6F-E4A7-4D00-8889-6325B99B7A05}.Debug|x64.ActiveCfg = Debug|x64
		{D8DC3C6F-E4A7-4D00-8889-6325B99B7A05}.Debug|x64.Build.0 = Debug|x64
		{D8DC3C6F-E4A7-4D00-8889-6325B99B7A05}.Debug|x86.ActiveCfg = Debug|Win32
		{D8DC3C6F-E4A7-4D00-8889-6325B99B7A05}.Debug|x86.Build.0 = Debug|Win32
		{D8DC3C6F-E4A7-4D00-8889-6325B99B7A05}.Release|x64.ActiveCfg = Release|x64
		{D8DC3C6F-E4A7-4D00-8889-6325B99B7A05}.Release|x64.Build.0 = Release|x64
		{D8DC3C6F-E4A7-4D00-8889-6325B99B7A05}.Release|x86.ActiveCfg = Release|Win32
		{D8DC3C6F-E4A7-4D00-8889-6325B99B7A05}.Release|x86.Build.0 = Release|Win32
		{0F1F5EC6-6014-4768-8685-942E567398EC}.Debug|x64.ActiveCfg = Debug|x64
		{0F1F5EC6-6014-4768-8685-942E567398EC}.Debug|x64.Build.0 = Debug|x64
		{0F1F5EC6-6014-4768-8685-942E567398EC}.Debug|x86.ActiveCfg = Debug|Win32
		{0F1F5EC6-6014-4768-8685-942E567398EC}.Debug|x86.Build.0 = Debug|Win32
		{0F1F5EC6-6014-4768-8685-942E567398EC}.Release|x64.ActiveCfg = Release|x64
		{0F1F5EC6-6014-4768-8685-942E567398EC}.Release|x64.Build.0 = Release|x64
		{0F1F5EC6-6014-4768-8685-942E567398EC}.Release|x86.ActiveCfg = Release|Win32
		{0F1F5EC6-6014-4768-8685-942E567398EC}.Release|x86.Build.0 = Release|Win32
		{25D8BD79-0DAE-4E0B-8A7F-CB7B5C98C6F6}.Debug|x64.ActiveCfg = Debug|x64
		{25D8BD79-0DAE-4E0B-8A7F-CB7B5C98C6F6}.Debug|x64.Build.0 = Debug|x64
		{25D8BD79-0DAE-4E0B-8A7F-CB7B5C98C6F6}.Debug|x86.ActiveCfg = Debug|Win32
		{25D8BD79-0DAE-4E0B-8A7F-CB7B5C98C6F6}.Debug|x86.Build.0 = Debug|Win32
		{25D8BD79-0DAE-4E0B-8A7F-CB7B5C98C6F6}.Release|x64.ActiveCfg = Release|x64
		{25D8BD79-0DAE-4E0B-8A7F-CB7B5C98C6F6}.Release|x64.Build.0 = Release|x64
		{25D8BD79-0DAE-4E0B-8A7F-CB7B5C98C6F6}.Release|x86.ActiveCfg = Release|Win32
		{25D8BD79-0DAE-4E0B-8A7F-CB7B5C98C6F6}.Release|x86.Build.0 = Release|Win32
		{EA277E58-843A-482C-9F4C-835EE3164D13}.Debug|x64.ActiveCfg = Debug|x64
		{EA277E58-843A-482C-9F4C-835EE3164D13}.Debug|x64.Build.0 = Debug|x64
		{EA277E58-843A-482C-9F4C-835EE3164D13}.Debug|x86.ActiveCfg = Debug|Win32
		{EA277E58-843A-482C-9F4C-835EE3164D13}.Debug|x86.Build.0 = Debug|Win32
		{EA277E58-843A-482C-9F4C-835EE3164D13}.Release|x64.ActiveCfg = Release|x64
		{EA277E58-843A-482C-9F4C-835EE3164D13}.Release|x64.Build.0 = Release|x64
		{EA277E58-843A-482C-9F4C-835EE3164D13}.Release|x86.ActiveCfg = Release|Win32
		{EA277E58-843A-482C-9F4C-835EE3164D13}.Release|x86.Build.0 = Release|Win32
		{EEE9872C-C115-4B9B-B4C9-8AA8EE748A3C}.Debug|x64.ActiveCfg = Debug|x64
		{EEE9872C-C115-4B9B-B4C9-8AA8EE748A3C}.Debug|x64.Build.0 = Debug|x64
		{EEE9872C-C115-4B9B-B4C9-8AA8EE748A3C}.Debug|x86.ActiveCfg = Debug|Win32
		{EEE9872C-C115-4B9B-B4C9-8AA8EE748A3C}.Debug|x86.Build.0 = Debug|Win32
		{EEE9872C-C115-4B9B-B4C9-8AA8EE748A3C}.Release|x64.ActiveCfg = Release|x64
		{EEE9872C-C115-4B9B-B4C9-8AA8EE748A3C}.Release|x64.Build.0 = Release|x64
		{EEE9872C-C115-4B9B-B4C9-8AA8EE748A3C}.Release|x86.ActiveCfg = Release|Win32
		{EEE9872C-C115-4B9B-B4C9-8AA8EE748A3C}.Release|x86.Build.0 = Release|Win32
		{A91CC0BC-98BF-4116-BB33-B6EF1A965ADC}.Debug|x64.ActiveCfg = Debug|x64
		{A91CC0BC-98BF-4116-BB33-B6EF1A965ADC}.Debug|x64.Build.0 = Debug|x64
		{A91CC0BC-98BF-4116-BB33-B6EF1A965ADC}.Debug|x86.ActiveCfg = Debug|Win32
		{A91CC0BC-98BF-4116-BB33-B6EF1A965ADC}.Debug|x86.Build.0 = Debug|Win32
		{A91CC0BC-98BF-4116-BB33-B6EF1A965ADC}.Release|x64.ActiveCfg = Release|x64
		{A91CC0BC-98BF-4116-BB33-B6EF1A965ADC}.Release|x64.Build.0 = Release|x64
		{A91CC0BC-98BF-4116-BB33-B6EF1A965ADC}.Release|x86.ActiveCfg = Release|Win32
		{A91CC0BC-98BF-4116-BB33-B6EF1A965ADC}.Release|x86.Build.0 = Release|Win32
		{3380B5EF-1974-408B-B459-B42B973F340B}.Debug|x64.ActiveCfg = Debug|x64
		{3380B5EF-1974-408B-B459-B42B973F340B}.Debug|x64.Build.0 = Debug|x64
		{3380B5EF-1974-408B-B459-B42B973F340B}.Debug|x86.ActiveCfg = Debug|Win32
		{3380B5EF-1974-408B-B459-B42B973F340B}.Debug|x86.Build.0 = Debug|Win32
		{3380B5EF-1974-408B-B459-B42B973F340B}.Release|x64.ActiveCfg = Release|x64
		{3380B5EF-1974-408B-B459-B42B973F340B}.Release|x64.Build.0 = Release|x64
		{3380B5EF-1974-408B-B459-B42B973F340B}.Release|x86.ActiveCfg = Release|Win32
		{3380B5EF-1974-408B-B459-B42B973F340B}.Release|x86.Build.0 = Release|Win32
		{EA9E7411-E15D-460D-802C-132AB85AE915}.Debug|x64.ActiveCfg = Debug|x64
		{EA9E7411-E15D-460D-802C-132AB85AE915}.Debug|x64.Build.0 = Debug|x64
		{EA9E7411-E15D-460D-802C-132AB85AE915}.Debug|x86.ActiveCfg = Debug|Win32
		{EA9E7411-E15D-460D-802C-132AB85AE915}.Debug|x86.Build.0 = Debug|Win32
		{EA9E7411-E15D-460D-802C-132AB85AE915}.Release|x64.ActiveCfg = Release|x64
		{EA9E7411-E15D-460D-802C-132AB85AE915}.Release|x64.Build.0 = Release|x64
		{EA9E7411-E15D-460D-802C-132AB85AE915}.Release|x86.ActiveCfg = Release|Win32
		{EA9E7411-E15D-460D-802C-132AB85AE915}.Release|x86.Build.0 = Release|Win32
		{C9F908FA-465E-4CBD-9E2F-687F2FE3E70D}.Debug|x64.ActiveCfg = Debug|x64
		{C9F908FA-465E-4CBD-9E2F-687F2FE3E70D}.Debug|x64.Build.0 = Debug|x64
		{C9F908FA-465E-4CBD-9E2F-687F2FE3E70D}.Debug|x86.ActiveCfg = Debug|Win32
		{C9F908FA-465E-4CBD-9E2F-687F2FE3E70D}.Debug|x86.Build.0 = Debug|Win32
		{C9F908FA-465E-4CBD-9E2F-687F2FE3E70D}.Release|x64.ActiveCfg = Release|x64
		{C9F908FA-465E-4CBD-9E2F-687F2FE3E70D}.Release|x64.Build.0 = Release|x64
		{C9F908FA-465E-4CBD-9E2F-687F2FE3E70D}.Release|x86.ActiveCfg = Release|Win32
		{C9F908FA-465E-4CBD-9E2F-687F2FE3E70D}.Release|x86.Build.0 = Release|Win32
		{CE108884-4BE3-45D1-925D-3AAC71FF5359}.Debug|x64.ActiveCfg = Debug|x64
		{CE108884-4BE3-45D1-925D-3AAC71FF5359}.Debug|x64.Build.0 = Debug|x64
		{CE108884-4BE3-45D1-925D-3AAC71FF5359}.Debug|x86.ActiveCfg = Debug|Win32
		{CE108884-4BE3-45D1-925D-3AAC71FF5359}.Debug|x86.Build.0 = Debug|Win32
		{CE108884-4BE3-45D1-925D-3AAC71FF5359}.Release|x64.ActiveCfg = Release|x64
		{CE108884-4BE3-45D1-925D-3AAC71FF5359}.Release|x64.Build.0 = Release|x64
		{CE108884-4BE3-45D1-925D-3AAC71FF5359}.Release|x86.ActiveCfg = Release|Win32
		{CE108884-4BE3-45D1-925D-3AAC71FF5359}.Release|x86.Build.0 = Release|Win32
		{54CDFB63-D4C3-4B2B-98E6-E23E46701297}.Debug|x64.ActiveCfg = Debug|x64
		{54CDFB63-D4C3-4B2B-98E6-E23E46701297}.Debug|x64.Build.0 = Debug|x64
		{54CDFB63-D4C3-4B2B-98E6-E23E46701297}.Debug|x86.ActiveCfg = Debug|Win32
		{54CDFB63-D4C3-4B2B-98E6-E23E46701297}.Debug|x86.Build.0 = Debug|Win32
		{54CDFB63-D4C3-4B2B-98E6-E23E46701297}.Release|x64.ActiveCfg = Release|x64
		{54CDFB63-D4C3-4B2B-98E6-E23E46701297}.Release|x64.Build.0 = Release|x64
		{54CDFB63-D4C3-4B2B-98E6-E23E46701297}.Release|x86.ActiveCfg = Release|Win32
		{54CDFB63-D4C3-4B2B-98E6-E23E46701297}.Release|x86.Build.0 = Release|Win32
		{8A96AF11-4BEE-481E-95BF-47E383146F31}.Debug|x64.ActiveCfg = Debug|x64
		{8A96AF11-4BEE-481E-95BF-47E383146F31}.Debug|x64.Build.0 = Debug|x64
		{8A96AF11-4BEE-481E-95BF-47E383146F31}.Debug|x86.ActiveCfg = Debug|Win32
		{8A96AF11-4BEE-481E-95BF-47E383146F31}.Debug|x86.Build.0 = Debug|Win32
		{8A96AF11-4BEE-481E-95BF-47E383146F31}.Release|x64.ActiveCfg = Release|x64
		{8A96AF11-4BEE-481E-95BF-47E383146F31}.Release|x64.Build.0 = Release|x64
		{8A96AF11-4BEE-481E-95BF-47E383146F31}.Release|x86.ActiveCfg = Release|Win32
		{8A96AF11-4BEE-481E-95BF-47E383146F31}.Release|x86.Build.0 = Release|Win32
	EndGlobalSection
	GlobalSection(SolutionProperties) = preSolution
		HideSolutionNode = FALSE
	EndGlobalSection
	GlobalSection(NestedProjects) = preSolution
		{7A442769-C6A3-413A-8EA8-70D7E66136E3} = {6C05EF7B-AF5D-4FA3-9442-510201FECC0E}
		{61F155DA-7452-41D3-8A67-1806B226DF7A} = {C4249138-3500-4726-94FF-73678D4FABF7}
		{3FADB740-618E-4B16-ADCE-4832A8F7EF6B} = {6C05EF7B-AF5D-4FA3-9442-510201FECC0E}
		{E0B52AE7-E160-4D32-BF3F-910B785E5A8E} = {D68C5266-C8D3-4C9A-8F94-124E86E0A528}
		{5F4F29CA-8725-4AD4-987A-9E7297084812} = {6C05EF7B-AF5D-4FA3-9442-510201FECC0E}
		{3629F01A-6FED-42EB-B308-E9F7F1346EAF} = {6C05EF7B-AF5D-4FA3-9442-510201FECC0E}
		{BE135558-2CFA-47C4-848C-CF7C2A2C8267} = {CCC06DA9-9802-4D99-95C8-DE087EB0727D}
		{52D656A2-A2F4-4C54-A3C7-653427BED1E8} = {D68C5266-C8D3-4C9A-8F94-124E86E0A528}
		{4ACE5F5D-4CE4-47AF-83FB-13D2DD5F2A8A} = {C45C6C9C-E0EB-4B23-9692-FA4578FB094C}
		{D8DC3C6F-E4A7-4D00-8889-6325B99B7A05} = {C45C6C9C-E0EB-4B23-9692-FA4578FB094C}
		{0F1F5EC6-6014-4768-8685-942E567398EC} = {7BF474B2-CFF8-4158-BEE5-9AB833EC341C}
		{25D8BD79-0DAE-4E0B-8A7F-CB7B5C98C6F6} = {C45C6C9C-E0EB-4B23-9692-FA4578FB094C}
		{EA277E58-843A-482C-9F4C-835EE3164D13} = {C45C6C9C-E0EB-4B23-9692-FA4578FB094C}
		{EEE9872C-C115-4B9B-B4C9-8AA8EE748A3C} = {C45C6C9C-E0EB-4B23-9692-FA4578FB094C}
		{A91CC0BC-98BF-4116-BB33-B6EF1A965ADC} = {C45C6C9C-E0EB-4B23-9692-FA4578FB094C}
		{3380B5EF-1974-408B-B459-B42B973F340B} = {C45C6C9C-E0EB-4B23-9692-FA4578FB094C}
		{EA9E7411-E15D-460D-802C-132AB85AE915} = {C45C6C9C-E0EB-4B23-9692-FA4578FB094C}
		{C9F908FA-465E-4CBD-9E2F-687F2FE3E70D} = {C45C6C9C-E0EB-4B23-9692-FA4578FB094C}
		{CE108884-4BE3-45D1-925D-3AAC71FF5359} = {844CAE98-59C6-4807-90DD-00F91BC8C54C}
		{54CDFB63-D4C3-4B2B-98E6-E23E46701297} = {844CAE98-59C6-4807-90DD-00F91BC8C54C}
		{8A96AF11-4BEE-481E-95BF-47E383146F31} = {844CAE98-59C6-4807-90DD-00F91BC8C54C}
	EndGlobalSection
	GlobalSection(ExtensibilityGlobals) = postSolution
		SolutionGuid = {9C184FBC-0DB4-4D62-A125-350B5F50DB8A}
	EndGlobalSection
EndGlobal
