
Microsoft Visual Studio Solution File, Format Version 12.00
# Visual Studio Version 17
VisualStudioVersion = 17.10.35013.160
MinimumVisualStudioVersion = 10.0.40219.1
Project("{2150E333-8FDC-42A3-9474-1A3956D46DE8}") = "Engine", "Engine", "{C4249138-3500-4726-94FF-73678D4FABF7}"
EndProject
Project("{2150E333-8FDC-42A3-9474-1A3956D46DE8}") = "Framework", "Framework", "{6C05EF7B-AF5D-4FA3-9442-510201FECC0E}"
EndProject
Project("{8BC9CEB8-8B4A-11D0-8D11-00A0C91BC942}") = "Core", "Framework\Core\Core.vcxproj", "{7A442769-C6A3-413A-8EA8-70D7E66136E3}"
EndProject
Project("{2150E333-8FDC-42A3-9474-1A3956D46DE8}") = "VGP242", "VGP242", "{4BE95D05-32B3-4E95-85B3-AAA95B863021}"
EndProject
Project("{8BC9CEB8-8B4A-11D0-8D11-00A0C91BC942}") = "01_HelloWindow", "VGP242\01_HelloWindow\01_HelloWindow.vcxproj", "{29F362CD-8325-4AD4-A212-2B225BF7CA66}"
EndProject
Project("{8BC9CEB8-8B4A-11D0-8D11-00A0C91BC942}") = "PanicEngine", "Engine\PanicEngine\PanicEngine.vcxproj", "{61F155DA-7452-41D3-8A67-1806B226DF7A}"
EndProject
Project("{8BC9CEB8-8B4A-11D0-8D11-00A0C91BC942}") = "Graphics", "Framework\Graphics\Graphics.vcxproj", "{3FADB740-618E-4B16-ADCE-4832A8F7EF6B}"
EndProject
Project("{2150E333-8FDC-42A3-9474-1A3956D46DE8}") = "External", "External", "{D68C5266-C8D3-4C9A-8F94-124E86E0A528}"
EndProject
Project("{8BC9CEB8-8B4A-11D0-8D11-00A0C91BC942}") = "DirectXTK_Desktop_2019", "External\DirectXTK\DirectXTK_Desktop_2019.vcxproj", "{E0B52AE7-E160-4D32-BF3F-910B785E5A8E}"
EndProject
Project("{8BC9CEB8-8B4A-11D0-8D11-00A0C91BC942}") = "Math", "Framework\Math\Math.vcxproj", "{5F4F29CA-8725-4AD4-987A-9E7297084812}"
EndProject
Project("{8BC9CEB8-8B4A-11D0-8D11-00A0C91BC942}") = "Input", "Framework\Input\Input.vcxproj", "{3629F01A-6FED-42EB-B308-E9F7F1346EAF}"
EndProject
Project("{8BC9CEB8-8B4A-11D0-8D11-00A0C91BC942}") = "02_HelloShapes", "VGP242\02_HelloShapes\02_HelloShapes.vcxproj", "{0AD37274-6EF8-46EF-B280-50B39174F379}"
EndProject
Project("{2150E333-8FDC-42A3-9474-1A3956D46DE8}") = "Assets", "Assets", "{CCC06DA9-9802-4D99-95C8-DE087EB0727D}"
EndProject
Project("{2150E333-8FDC-42A3-9474-1A3956D46DE8}") = "Shaders", "Shaders", "{BE135558-2CFA-47C4-848C-CF7C2A2C8267}"
	ProjectSection(SolutionItems) = preProject
		Assets\Shaders\DoColor.fx = Assets\Shaders\DoColor.fx
		Assets\Shaders\DoTexture.fx = Assets\Shaders\DoTexture.fx
		Assets\Shaders\DoTransform.fx = Assets\Shaders\DoTransform.fx
	EndProjectSection
EndProject
Project("{8BC9CEB8-8B4A-11D0-8D11-00A0C91BC942}") = "03_HelloCube", "VGP242\03_HelloCube\03_HelloCube.vcxproj", "{CAF9B81C-DA88-43D3-8AF4-972E1E7EB2F9}"
EndProject
Project("{8BC9CEB8-8B4A-11D0-8D11-00A0C91BC942}") = "04_HelloMeshBuilder", "VGP242\04_HelloMeshBuilder\04_HelloMeshBuilder.vcxproj", "{C6531EF6-58A2-4610-8D33-9C931D37D997}"
EndProject
Project("{8BC9CEB8-8B4A-11D0-8D11-00A0C91BC942}") = "ImGui", "External\ImGui\ImGui.vcxproj", "{52D656A2-A2F4-4C54-A3C7-653427BED1E8}"
EndProject
Project("{8BC9CEB8-8B4A-11D0-8D11-00A0C91BC942}") = "05_HelloDebug", "VGP242\05_HelloDebug\05_HelloDebug.vcxproj", "{CC370D0E-7549-41BD-98EF-348811015355}"
EndProject
Global
	GlobalSection(SolutionConfigurationPlatforms) = preSolution
		Debug|x64 = Debug|x64
		Debug|x86 = Debug|x86
		Release|x64 = Release|x64
		Release|x86 = Release|x86
	EndGlobalSection
	GlobalSection(ProjectConfigurationPlatforms) = postSolution
		{7A442769-C6A3-413A-8EA8-70D7E66136E3}.Debug|x64.ActiveCfg = Debug|x64
		{7A442769-C6A3-413A-8EA8-70D7E66136E3}.Debug|x64.Build.0 = Debug|x64
		{7A442769-C6A3-413A-8EA8-70D7E66136E3}.Debug|x86.ActiveCfg = Debug|Win32
		{7A442769-C6A3-413A-8EA8-70D7E66136E3}.Debug|x86.Build.0 = Debug|Win32
		{7A442769-C6A3-413A-8EA8-70D7E66136E3}.Release|x64.ActiveCfg = Release|x64
		{7A442769-C6A3-413A-8EA8-70D7E66136E3}.Release|x64.Build.0 = Release|x64
		{7A442769-C6A3-413A-8EA8-70D7E66136E3}.Release|x86.ActiveCfg = Release|Win32
		{7A442769-C6A3-413A-8EA8-70D7E66136E3}.Release|x86.Build.0 = Release|Win32
		{29F362CD-8325-4AD4-A212-2B225BF7CA66}.Debug|x64.ActiveCfg = Debug|x64
		{29F362CD-8325-4AD4-A212-2B225BF7CA66}.Debug|x64.Build.0 = Debug|x64
		{29F362CD-8325-4AD4-A212-2B225BF7CA66}.Debug|x86.ActiveCfg = Debug|Win32
		{29F362CD-8325-4AD4-A212-2B225BF7CA66}.Debug|x86.Build.0 = Debug|Win32
		{29F362CD-8325-4AD4-A212-2B225BF7CA66}.Release|x64.ActiveCfg = Release|x64
		{29F362CD-8325-4AD4-A212-2B225BF7CA66}.Release|x64.Build.0 = Release|x64
		{29F362CD-8325-4AD4-A212-2B225BF7CA66}.Release|x86.ActiveCfg = Release|Win32
		{29F362CD-8325-4AD4-A212-2B225BF7CA66}.Release|x86.Build.0 = Release|Win32
		{61F155DA-7452-41D3-8A67-1806B226DF7A}.Debug|x64.ActiveCfg = Debug|x64
		{61F155DA-7452-41D3-8A67-1806B226DF7A}.Debug|x64.Build.0 = Debug|x64
		{61F155DA-7452-41D3-8A67-1806B226DF7A}.Debug|x86.ActiveCfg = Debug|Win32
		{61F155DA-7452-41D3-8A67-1806B226DF7A}.Debug|x86.Build.0 = Debug|Win32
		{61F155DA-7452-41D3-8A67-1806B226DF7A}.Release|x64.ActiveCfg = Release|x64
		{61F155DA-7452-41D3-8A67-1806B226DF7A}.Release|x64.Build.0 = Release|x64
		{61F155DA-7452-41D3-8A67-1806B226DF7A}.Release|x86.ActiveCfg = Release|Win32
		{61F155DA-7452-41D3-8A67-1806B226DF7A}.Release|x86.Build.0 = Release|Win32
		{3FADB740-618E-4B16-ADCE-4832A8F7EF6B}.Debug|x64.ActiveCfg = Debug|x64
		{3FADB740-618E-4B16-ADCE-4832A8F7EF6B}.Debug|x64.Build.0 = Debug|x64
		{3FADB740-618E-4B16-ADCE-4832A8F7EF6B}.Debug|x86.ActiveCfg = Debug|Win32
		{3FADB740-618E-4B16-ADCE-4832A8F7EF6B}.Debug|x86.Build.0 = Debug|Win32
		{3FADB740-618E-4B16-ADCE-4832A8F7EF6B}.Release|x64.ActiveCfg = Release|x64
		{3FADB740-618E-4B16-ADCE-4832A8F7EF6B}.Release|x64.Build.0 = Release|x64
		{3FADB740-618E-4B16-ADCE-4832A8F7EF6B}.Release|x86.ActiveCfg = Release|Win32
		{3FADB740-618E-4B16-ADCE-4832A8F7EF6B}.Release|x86.Build.0 = Release|Win32
		{E0B52AE7-E160-4D32-BF3F-910B785E5A8E}.Debug|x64.ActiveCfg = Debug|x64
		{E0B52AE7-E160-4D32-BF3F-910B785E5A8E}.Debug|x64.Build.0 = Debug|x64
		{E0B52AE7-E160-4D32-BF3F-910B785E5A8E}.Debug|x86.ActiveCfg = Debug|Win32
		{E0B52AE7-E160-4D32-BF3F-910B785E5A8E}.Debug|x86.Build.0 = Debug|Win32
		{E0B52AE7-E160-4D32-BF3F-910B785E5A8E}.Release|x64.ActiveCfg = Release|x64
		{E0B52AE7-E160-4D32-BF3F-910B785E5A8E}.Release|x64.Build.0 = Release|x64
		{E0B52AE7-E160-4D32-BF3F-910B785E5A8E}.Release|x86.ActiveCfg = Release|Win32
		{E0B52AE7-E160-4D32-BF3F-910B785E5A8E}.Release|x86.Build.0 = Release|Win32
		{5F4F29CA-8725-4AD4-987A-9E7297084812}.Debug|x64.ActiveCfg = Debug|x64
		{5F4F29CA-8725-4AD4-987A-9E7297084812}.Debug|x64.Build.0 = Debug|x64
		{5F4F29CA-8725-4AD4-987A-9E7297084812}.Debug|x86.ActiveCfg = Debug|Win32
		{5F4F29CA-8725-4AD4-987A-9E7297084812}.Debug|x86.Build.0 = Debug|Win32
		{5F4F29CA-8725-4AD4-987A-9E7297084812}.Release|x64.ActiveCfg = Release|x64
		{5F4F29CA-8725-4AD4-987A-9E7297084812}.Release|x64.Build.0 = Release|x64
		{5F4F29CA-8725-4AD4-987A-9E7297084812}.Release|x86.ActiveCfg = Release|Win32
		{5F4F29CA-8725-4AD4-987A-9E7297084812}.Release|x86.Build.0 = Release|Win32
		{3629F01A-6FED-42EB-B308-E9F7F1346EAF}.Debug|x64.ActiveCfg = Debug|x64
		{3629F01A-6FED-42EB-B308-E9F7F1346EAF}.Debug|x64.Build.0 = Debug|x64
		{3629F01A-6FED-42EB-B308-E9F7F1346EAF}.Debug|x86.ActiveCfg = Debug|Win32
		{3629F01A-6FED-42EB-B308-E9F7F1346EAF}.Debug|x86.Build.0 = Debug|Win32
		{3629F01A-6FED-42EB-B308-E9F7F1346EAF}.Release|x64.ActiveCfg = Release|x64
		{3629F01A-6FED-42EB-B308-E9F7F1346EAF}.Release|x64.Build.0 = Release|x64
		{3629F01A-6FED-42EB-B308-E9F7F1346EAF}.Release|x86.ActiveCfg = Release|Win32
		{3629F01A-6FED-42EB-B308-E9F7F1346EAF}.Release|x86.Build.0 = Release|Win32
		{0AD37274-6EF8-46EF-B280-50B39174F379}.Debug|x64.ActiveCfg = Debug|x64
		{0AD37274-6EF8-46EF-B280-50B39174F379}.Debug|x64.Build.0 = Debug|x64
		{0AD37274-6EF8-46EF-B280-50B39174F379}.Debug|x86.ActiveCfg = Debug|Win32
		{0AD37274-6EF8-46EF-B280-50B39174F379}.Debug|x86.Build.0 = Debug|Win32
		{0AD37274-6EF8-46EF-B280-50B39174F379}.Release|x64.ActiveCfg = Release|x64
		{0AD37274-6EF8-46EF-B280-50B39174F379}.Release|x64.Build.0 = Release|x64
		{0AD37274-6EF8-46EF-B280-50B39174F379}.Release|x86.ActiveCfg = Release|Win32
		{0AD37274-6EF8-46EF-B280-50B39174F379}.Release|x86.Build.0 = Release|Win32
		{CAF9B81C-DA88-43D3-8AF4-972E1E7EB2F9}.Debug|x64.ActiveCfg = Debug|x64
		{CAF9B81C-DA88-43D3-8AF4-972E1E7EB2F9}.Debug|x64.Build.0 = Debug|x64
		{CAF9B81C-DA88-43D3-8AF4-972E1E7EB2F9}.Debug|x86.ActiveCfg = Debug|Win32
		{CAF9B81C-DA88-43D3-8AF4-972E1E7EB2F9}.Debug|x86.Build.0 = Debug|Win32
		{CAF9B81C-DA88-43D3-8AF4-972E1E7EB2F9}.Release|x64.ActiveCfg = Release|x64
		{CAF9B81C-DA88-43D3-8AF4-972E1E7EB2F9}.Release|x64.Build.0 = Release|x64
		{CAF9B81C-DA88-43D3-8AF4-972E1E7EB2F9}.Release|x86.ActiveCfg = Release|Win32
		{CAF9B81C-DA88-43D3-8AF4-972E1E7EB2F9}.Release|x86.Build.0 = Release|Win32
		{C6531EF6-58A2-4610-8D33-9C931D37D997}.Debug|x64.ActiveCfg = Debug|x64
		{C6531EF6-58A2-4610-8D33-9C931D37D997}.Debug|x64.Build.0 = Debug|x64
		{C6531EF6-58A2-4610-8D33-9C931D37D997}.Debug|x86.ActiveCfg = Debug|Win32
		{C6531EF6-58A2-4610-8D33-9C931D37D997}.Debug|x86.Build.0 = Debug|Win32
		{C6531EF6-58A2-4610-8D33-9C931D37D997}.Release|x64.ActiveCfg = Release|x64
		{C6531EF6-58A2-4610-8D33-9C931D37D997}.Release|x64.Build.0 = Release|x64
		{C6531EF6-58A2-4610-8D33-9C931D37D997}.Release|x86.ActiveCfg = Release|Win32
		{C6531EF6-58A2-4610-8D33-9C931D37D997}.Release|x86.Build.0 = Release|Win32
		{52D656A2-A2F4-4C54-A3C7-653427BED1E8}.Debug|x64.ActiveCfg = Debug|x64
		{52D656A2-A2F4-4C54-A3C7-653427BED1E8}.Debug|x64.Build.0 = Debug|x64
		{52D656A2-A2F4-4C54-A3C7-653427BED1E8}.Debug|x86.ActiveCfg = Debug|Win32
		{52D656A2-A2F4-4C54-A3C7-653427BED1E8}.Debug|x86.Build.0 = Debug|Win32
		{52D656A2-A2F4-4C54-A3C7-653427BED1E8}.Release|x64.ActiveCfg = Release|x64
		{52D656A2-A2F4-4C54-A3C7-653427BED1E8}.Release|x64.Build.0 = Release|x64
		{52D656A2-A2F4-4C54-A3C7-653427BED1E8}.Release|x86.ActiveCfg = Release|Win32
		{52D656A2-A2F4-4C54-A3C7-653427BED1E8}.Release|x86.Build.0 = Release|Win32
		{CC370D0E-7549-41BD-98EF-348811015355}.Debug|x64.ActiveCfg = Debug|x64
		{CC370D0E-7549-41BD-98EF-348811015355}.Debug|x64.Build.0 = Debug|x64
		{CC370D0E-7549-41BD-98EF-348811015355}.Debug|x86.ActiveCfg = Debug|Win32
		{CC370D0E-7549-41BD-98EF-348811015355}.Debug|x86.Build.0 = Debug|Win32
		{CC370D0E-7549-41BD-98EF-348811015355}.Release|x64.ActiveCfg = Release|x64
		{CC370D0E-7549-41BD-98EF-348811015355}.Release|x64.Build.0 = Release|x64
		{CC370D0E-7549-41BD-98EF-348811015355}.Release|x86.ActiveCfg = Release|Win32
		{CC370D0E-7549-41BD-98EF-348811015355}.Release|x86.Build.0 = Release|Win32
	EndGlobalSection
	GlobalSection(SolutionProperties) = preSolution
		HideSolutionNode = FALSE
	EndGlobalSection
	GlobalSection(NestedProjects) = preSolution
		{7A442769-C6A3-413A-8EA8-70D7E66136E3} = {6C05EF7B-AF5D-4FA3-9442-510201FECC0E}
		{29F362CD-8325-4AD4-A212-2B225BF7CA66} = {4BE95D05-32B3-4E95-85B3-AAA95B863021}
		{61F155DA-7452-41D3-8A67-1806B226DF7A} = {C4249138-3500-4726-94FF-73678D4FABF7}
		{3FADB740-618E-4B16-ADCE-4832A8F7EF6B} = {6C05EF7B-AF5D-4FA3-9442-510201FECC0E}
		{E0B52AE7-E160-4D32-BF3F-910B785E5A8E} = {D68C5266-C8D3-4C9A-8F94-124E86E0A528}
		{5F4F29CA-8725-4AD4-987A-9E7297084812} = {6C05EF7B-AF5D-4FA3-9442-510201FECC0E}
		{3629F01A-6FED-42EB-B308-E9F7F1346EAF} = {6C05EF7B-AF5D-4FA3-9442-510201FECC0E}
		{0AD37274-6EF8-46EF-B280-50B39174F379} = {4BE95D05-32B3-4E95-85B3-AAA95B863021}
		{BE135558-2CFA-47C4-848C-CF7C2A2C8267} = {CCC06DA9-9802-4D99-95C8-DE087EB0727D}
		{CAF9B81C-DA88-43D3-8AF4-972E1E7EB2F9} = {4BE95D05-32B3-4E95-85B3-AAA95B863021}
		{C6531EF6-58A2-4610-8D33-9C931D37D997} = {4BE95D05-32B3-4E95-85B3-AAA95B863021}
		{52D656A2-A2F4-4C54-A3C7-653427BED1E8} = {D68C5266-C8D3-4C9A-8F94-124E86E0A528}
		{CC370D0E-7549-41BD-98EF-348811015355} = {4BE95D05-32B3-4E95-85B3-AAA95B863021}
	EndGlobalSection
	GlobalSection(ExtensibilityGlobals) = postSolution
		SolutionGuid = {9C184FBC-0DB4-4D62-A125-350B5F50DB8A}
	EndGlobalSection
EndGlobal
