<?xml version="1.0" encoding="utf-8"?>
<Project ToolsVersion="4.0" xmlns="http://schemas.microsoft.com/developer/msbuild/2003">
  <ItemGroup>
    <Filter Include="Inc">
      <UniqueIdentifier>{de2a3292-23c3-42cf-902c-a0601aa4926c}</UniqueIdentifier>
    </Filter>
    <Filter Include="Src">
      <UniqueIdentifier>{da7b411f-82f6-4b40-845f-02b4d1159888}</UniqueIdentifier>
    </Filter>
  </ItemGroup>
  <ItemGroup>
    <ClInclude Include="Inc\Common.h">
      <Filter>Inc</Filter>
    </ClInclude>
    <ClInclude Include="Inc\Constants.h">
      <Filter>Inc</Filter>
    </ClInclude>
    <ClInclude Include="Inc\Matrix4.h">
      <Filter>Inc</Filter>
    </ClInclude>
    <ClInclude Include="Inc\PanicMath.h">
      <Filter>Inc</Filter>
    </ClInclude>
    <ClInclude Include="Inc\Quaternion.h">
      <Filter>Inc</Filter>
    </ClInclude>
    <ClInclude Include="Inc\Vector2.h">
      <Filter>Inc</Filter>
    </ClInclude>
    <ClInclude Include="Inc\Vector3.h">
      <Filter>Inc</Filter>
    </ClInclude>
    <ClInclude Include="Inc\Vector4.h">
      <Filter>Inc</Filter>
    </ClInclude>
    <ClInclude Include="Src\Precompiled.h">
      <Filter>Src</Filter>
    </ClInclude>
  </ItemGroup>
  <ItemGroup>
    <ClCompile Include="Src\PanicMath.cpp">
      <Filter>Src</Filter>
    </ClCompile>
    <ClCompile Include="Src\Precompiled.cpp">
      <Filter>Src</Filter>
    </ClCompile>
  </ItemGroup>
</Project>